
Microsoft Visual Studio Solution File, Format Version 12.00
# Visual Studio 15
VisualStudioVersion = 15.0.28307.168
MinimumVisualStudioVersion = 10.0.40219.1
Project("{FAE04EC0-301F-11D3-BF4B-00C04F79EFBC}") = "NonLinearEquationsSolver", "NonLinearEquationsSolver\NonLinearEquationsSolver.csproj", "{F5DCFF06-4B18-4EB7-A726-F49750B78FC8}"
EndProject
Global
	GlobalSection(SolutionConfigurationPlatforms) = preSolution
		Debug|Any CPU = Debug|Any CPU
		Release|Any CPU = Release|Any CPU
	EndGlobalSection
	GlobalSection(ProjectConfigurationPlatforms) = postSolution
		{F5DCFF06-4B18-4EB7-A726-F49750B78FC8}.Debug|Any CPU.ActiveCfg = Debug|Any CPU
		{F5DCFF06-4B18-4EB7-A726-F49750B78FC8}.Debug|Any CPU.Build.0 = Debug|Any CPU
		{F5DCFF06-4B18-4EB7-A726-F49750B78FC8}.Release|Any CPU.ActiveCfg = Release|Any CPU
		{F5DCFF06-4B18-4EB7-A726-F49750B78FC8}.Release|Any CPU.Build.0 = Release|Any CPU
	EndGlobalSection
	GlobalSection(SolutionProperties) = preSolution
		HideSolutionNode = FALSE
	EndGlobalSection
	GlobalSection(ExtensibilityGlobals) = postSolution
		SolutionGuid = {A7E88DFA-A15A-4405-B3DF-E43E1EAA33B2}
	EndGlobalSection
EndGlobal
